
Microsoft Visual Studio Solution File, Format Version 12.00
# Visual Studio Version 17
VisualStudioVersion = 17.4.33110.190
MinimumVisualStudioVersion = 10.0.40219.1
Project("{FAE04EC0-301F-11D3-BF4B-00C04F79EFBC}") = "Adres.Data", "Adres.Data\Adres.Data.csproj", "{C3974887-728E-4692-A536-5D6C1CDDC4AE}"
EndProject
Project("{FAE04EC0-301F-11D3-BF4B-00C04F79EFBC}") = "Addres.ConsoleApp", "Addres.ConsoleApp\Addres.ConsoleApp.csproj", "{81F74B4F-80F5-49F5-B2D5-5BEADA897FC9}"
EndProject
Project("{FAE04EC0-301F-11D3-BF4B-00C04F79EFBC}") = "Adres.WinApp", "Adres.WinApp\Adres.WinApp.csproj", "{4C37476D-3A65-4C9F-9730-037EECE050BF}"
EndProject
Project("{2150E333-8FDC-42A3-9474-1A3956D46DE8}") = "SqlScripts", "SqlScripts", "{F3478AA6-B34E-4118-966B-E861F2708FAF}"
	ProjectSection(SolutionItems) = preProject
		OkulHIDB.sql = OkulHIDB.sql
	EndProjectSection
EndProject
Global
	GlobalSection(SolutionConfigurationPlatforms) = preSolution
		Debug|Any CPU = Debug|Any CPU
		Release|Any CPU = Release|Any CPU
	EndGlobalSection
	GlobalSection(ProjectConfigurationPlatforms) = postSolution
		{C3974887-728E-4692-A536-5D6C1CDDC4AE}.Debug|Any CPU.ActiveCfg = Debug|Any CPU
		{C3974887-728E-4692-A536-5D6C1CDDC4AE}.Debug|Any CPU.Build.0 = Debug|Any CPU
		{C3974887-728E-4692-A536-5D6C1CDDC4AE}.Release|Any CPU.ActiveCfg = Release|Any CPU
		{C3974887-728E-4692-A536-5D6C1CDDC4AE}.Release|Any CPU.Build.0 = Release|Any CPU
		{81F74B4F-80F5-49F5-B2D5-5BEADA897FC9}.Debug|Any CPU.ActiveCfg = Debug|Any CPU
		{81F74B4F-80F5-49F5-B2D5-5BEADA897FC9}.Debug|Any CPU.Build.0 = Debug|Any CPU
		{81F74B4F-80F5-49F5-B2D5-5BEADA897FC9}.Release|Any CPU.ActiveCfg = Release|Any CPU
		{81F74B4F-80F5-49F5-B2D5-5BEADA897FC9}.Release|Any CPU.Build.0 = Release|Any CPU
		{4C37476D-3A65-4C9F-9730-037EECE050BF}.Debug|Any CPU.ActiveCfg = Debug|Any CPU
		{4C37476D-3A65-4C9F-9730-037EECE050BF}.Debug|Any CPU.Build.0 = Debug|Any CPU
		{4C37476D-3A65-4C9F-9730-037EECE050BF}.Release|Any CPU.ActiveCfg = Release|Any CPU
		{4C37476D-3A65-4C9F-9730-037EECE050BF}.Release|Any CPU.Build.0 = Release|Any CPU
	EndGlobalSection
	GlobalSection(SolutionProperties) = preSolution
		HideSolutionNode = FALSE
	EndGlobalSection
	GlobalSection(ExtensibilityGlobals) = postSolution
		SolutionGuid = {E76856BA-9774-4671-AE18-B35FE4B0C2AF}
	EndGlobalSection
EndGlobal
